
Microsoft Visual Studio Solution File, Format Version 12.00
# Visual Studio Version 16
VisualStudioVersion = 16.0.29613.14
MinimumVisualStudioVersion = 10.0.40219.1
Project("{8BC9CEB8-8B4A-11D0-8D11-00A0C91BC942}") = "10828_스택", "10828.vcxproj", "{39EFC4BD-590B-40F8-B229-3D6D72CA7B07}"
EndProject
Project("{8BC9CEB8-8B4A-11D0-8D11-00A0C91BC942}") = "17413_단어 뒤집기 2", "..\17413_단어 뒤집기 2\17413_단어 뒤집기 2.vcxproj", "{1BADECFC-6151-4F8A-96A0-68F0F2DF322F}"
EndProject
Project("{8BC9CEB8-8B4A-11D0-8D11-00A0C91BC942}") = "1406_에디터", "..\1406_에디터\1406.vcxproj", "{DDA93536-DFDC-4AEA-A39C-8FC4685B081D}"
EndProject
Project("{8BC9CEB8-8B4A-11D0-8D11-00A0C91BC942}") = "1874_스택수열", "..\1874_스택수열\1874.vcxproj", "{0DDFDDDB-93CC-4918-93FB-1D5AED3A381E}"
EndProject
Project("{8BC9CEB8-8B4A-11D0-8D11-00A0C91BC942}") = "4949_균형잡힌 세상", "..\4949_균형잡힌 세상\4949.vcxproj", "{F1197671-53AF-4DE8-8102-D2F7904AB5CF}"
EndProject
Project("{8BC9CEB8-8B4A-11D0-8D11-00A0C91BC942}") = "9012_괄호", "..\9012_괄호\9012.vcxproj", "{7E1907F2-D5D2-4F58-A707-DB770369AD85}"
EndProject
Project("{8BC9CEB8-8B4A-11D0-8D11-00A0C91BC942}") = "9093_단어 뒤집기", "..\9093_단어 뒤집기\9093.vcxproj", "{90F3A4B1-7834-4533-9089-A1E2DFA948FB}"
EndProject
Project("{8BC9CEB8-8B4A-11D0-8D11-00A0C91BC942}") = "10773_제로", "..\10773_제로\10773.vcxproj", "{8CC852D5-3F56-40CF-8071-2F3506963274}"
EndProject
Project("{8BC9CEB8-8B4A-11D0-8D11-00A0C91BC942}") = "10799_쇠막대기", "..\10799_쇠막대기\10799_쇠막대기.vcxproj", "{DA90FFCB-22B8-4661-8B97-729C2B2F9521}"
EndProject
Project("{8BC9CEB8-8B4A-11D0-8D11-00A0C91BC942}") = "17928_오큰수", "..\17928_오큰수\17928_오큰수.vcxproj", "{92941040-A6EC-44D0-8ADF-20D87724F834}"
EndProject
Project("{8BC9CEB8-8B4A-11D0-8D11-00A0C91BC942}") = "17299_오등큰수", "..\17299_오등큰수\17299_오등큰수.vcxproj", "{D9E189DA-26E3-4661-AAEF-A84D8AC7DA3C}"
EndProject
Project("{8BC9CEB8-8B4A-11D0-8D11-00A0C91BC942}") = "1935_후위 표기식2", "..\1935_후위 표기식2\1935_후위 표기식2.vcxproj", "{41465601-0B89-4ACC-A658-C5B0F63AE886}"
EndProject
Project("{8BC9CEB8-8B4A-11D0-8D11-00A0C91BC942}") = "1918_후위 표기식", "..\1918_후위 표기식\1918_후위 표기식.vcxproj", "{7EE00665-F53E-4A74-A02B-AE07A19E085A}"
EndProject
Global
	GlobalSection(SolutionConfigurationPlatforms) = preSolution
		Debug|x64 = Debug|x64
		Debug|x86 = Debug|x86
		Release|x64 = Release|x64
		Release|x86 = Release|x86
	EndGlobalSection
	GlobalSection(ProjectConfigurationPlatforms) = postSolution
		{39EFC4BD-590B-40F8-B229-3D6D72CA7B07}.Debug|x64.ActiveCfg = Debug|x64
		{39EFC4BD-590B-40F8-B229-3D6D72CA7B07}.Debug|x64.Build.0 = Debug|x64
		{39EFC4BD-590B-40F8-B229-3D6D72CA7B07}.Debug|x86.ActiveCfg = Debug|Win32
		{39EFC4BD-590B-40F8-B229-3D6D72CA7B07}.Debug|x86.Build.0 = Debug|Win32
		{39EFC4BD-590B-40F8-B229-3D6D72CA7B07}.Release|x64.ActiveCfg = Release|x64
		{39EFC4BD-590B-40F8-B229-3D6D72CA7B07}.Release|x64.Build.0 = Release|x64
		{39EFC4BD-590B-40F8-B229-3D6D72CA7B07}.Release|x86.ActiveCfg = Release|Win32
		{39EFC4BD-590B-40F8-B229-3D6D72CA7B07}.Release|x86.Build.0 = Release|Win32
		{1BADECFC-6151-4F8A-96A0-68F0F2DF322F}.Debug|x64.ActiveCfg = Debug|x64
		{1BADECFC-6151-4F8A-96A0-68F0F2DF322F}.Debug|x64.Build.0 = Debug|x64
		{1BADECFC-6151-4F8A-96A0-68F0F2DF322F}.Debug|x86.ActiveCfg = Debug|Win32
		{1BADECFC-6151-4F8A-96A0-68F0F2DF322F}.Debug|x86.Build.0 = Debug|Win32
		{1BADECFC-6151-4F8A-96A0-68F0F2DF322F}.Release|x64.ActiveCfg = Release|x64
		{1BADECFC-6151-4F8A-96A0-68F0F2DF322F}.Release|x64.Build.0 = Release|x64
		{1BADECFC-6151-4F8A-96A0-68F0F2DF322F}.Release|x86.ActiveCfg = Release|Win32
		{1BADECFC-6151-4F8A-96A0-68F0F2DF322F}.Release|x86.Build.0 = Release|Win32
		{DDA93536-DFDC-4AEA-A39C-8FC4685B081D}.Debug|x64.ActiveCfg = Debug|x64
		{DDA93536-DFDC-4AEA-A39C-8FC4685B081D}.Debug|x64.Build.0 = Debug|x64
		{DDA93536-DFDC-4AEA-A39C-8FC4685B081D}.Debug|x86.ActiveCfg = Debug|Win32
		{DDA93536-DFDC-4AEA-A39C-8FC4685B081D}.Debug|x86.Build.0 = Debug|Win32
		{DDA93536-DFDC-4AEA-A39C-8FC4685B081D}.Release|x64.ActiveCfg = Release|x64
		{DDA93536-DFDC-4AEA-A39C-8FC4685B081D}.Release|x64.Build.0 = Release|x64
		{DDA93536-DFDC-4AEA-A39C-8FC4685B081D}.Release|x86.ActiveCfg = Release|Win32
		{DDA93536-DFDC-4AEA-A39C-8FC4685B081D}.Release|x86.Build.0 = Release|Win32
		{0DDFDDDB-93CC-4918-93FB-1D5AED3A381E}.Debug|x64.ActiveCfg = Debug|x64
		{0DDFDDDB-93CC-4918-93FB-1D5AED3A381E}.Debug|x64.Build.0 = Debug|x64
		{0DDFDDDB-93CC-4918-93FB-1D5AED3A381E}.Debug|x86.ActiveCfg = Debug|Win32
		{0DDFDDDB-93CC-4918-93FB-1D5AED3A381E}.Debug|x86.Build.0 = Debug|Win32
		{0DDFDDDB-93CC-4918-93FB-1D5AED3A381E}.Release|x64.ActiveCfg = Release|x64
		{0DDFDDDB-93CC-4918-93FB-1D5AED3A381E}.Release|x64.Build.0 = Release|x64
		{0DDFDDDB-93CC-4918-93FB-1D5AED3A381E}.Release|x86.ActiveCfg = Release|Win32
		{0DDFDDDB-93CC-4918-93FB-1D5AED3A381E}.Release|x86.Build.0 = Release|Win32
		{F1197671-53AF-4DE8-8102-D2F7904AB5CF}.Debug|x64.ActiveCfg = Debug|x64
		{F1197671-53AF-4DE8-8102-D2F7904AB5CF}.Debug|x64.Build.0 = Debug|x64
		{F1197671-53AF-4DE8-8102-D2F7904AB5CF}.Debug|x86.ActiveCfg = Debug|Win32
		{F1197671-53AF-4DE8-8102-D2F7904AB5CF}.Debug|x86.Build.0 = Debug|Win32
		{F1197671-53AF-4DE8-8102-D2F7904AB5CF}.Release|x64.ActiveCfg = Release|x64
		{F1197671-53AF-4DE8-8102-D2F7904AB5CF}.Release|x64.Build.0 = Release|x64
		{F1197671-53AF-4DE8-8102-D2F7904AB5CF}.Release|x86.ActiveCfg = Release|Win32
		{F1197671-53AF-4DE8-8102-D2F7904AB5CF}.Release|x86.Build.0 = Release|Win32
		{7E1907F2-D5D2-4F58-A707-DB770369AD85}.Debug|x64.ActiveCfg = Debug|x64
		{7E1907F2-D5D2-4F58-A707-DB770369AD85}.Debug|x64.Build.0 = Debug|x64
		{7E1907F2-D5D2-4F58-A707-DB770369AD85}.Debug|x86.ActiveCfg = Debug|Win32
		{7E1907F2-D5D2-4F58-A707-DB770369AD85}.Debug|x86.Build.0 = Debug|Win32
		{7E1907F2-D5D2-4F58-A707-DB770369AD85}.Release|x64.ActiveCfg = Release|x64
		{7E1907F2-D5D2-4F58-A707-DB770369AD85}.Release|x64.Build.0 = Release|x64
		{7E1907F2-D5D2-4F58-A707-DB770369AD85}.Release|x86.ActiveCfg = Release|Win32
		{7E1907F2-D5D2-4F58-A707-DB770369AD85}.Release|x86.Build.0 = Release|Win32
		{90F3A4B1-7834-4533-9089-A1E2DFA948FB}.Debug|x64.ActiveCfg = Debug|x64
		{90F3A4B1-7834-4533-9089-A1E2DFA948FB}.Debug|x64.Build.0 = Debug|x64
		{90F3A4B1-7834-4533-9089-A1E2DFA948FB}.Debug|x86.ActiveCfg = Debug|Win32
		{90F3A4B1-7834-4533-9089-A1E2DFA948FB}.Debug|x86.Build.0 = Debug|Win32
		{90F3A4B1-7834-4533-9089-A1E2DFA948FB}.Release|x64.ActiveCfg = Release|x64
		{90F3A4B1-7834-4533-9089-A1E2DFA948FB}.Release|x64.Build.0 = Release|x64
		{90F3A4B1-7834-4533-9089-A1E2DFA948FB}.Release|x86.ActiveCfg = Release|Win32
		{90F3A4B1-7834-4533-9089-A1E2DFA948FB}.Release|x86.Build.0 = Release|Win32
		{8CC852D5-3F56-40CF-8071-2F3506963274}.Debug|x64.ActiveCfg = Debug|x64
		{8CC852D5-3F56-40CF-8071-2F3506963274}.Debug|x64.Build.0 = Debug|x64
		{8CC852D5-3F56-40CF-8071-2F3506963274}.Debug|x86.ActiveCfg = Debug|Win32
		{8CC852D5-3F56-40CF-8071-2F3506963274}.Debug|x86.Build.0 = Debug|Win32
		{8CC852D5-3F56-40CF-8071-2F3506963274}.Release|x64.ActiveCfg = Release|x64
		{8CC852D5-3F56-40CF-8071-2F3506963274}.Release|x64.Build.0 = Release|x64
		{8CC852D5-3F56-40CF-8071-2F3506963274}.Release|x86.ActiveCfg = Release|Win32
		{8CC852D5-3F56-40CF-8071-2F3506963274}.Release|x86.Build.0 = Release|Win32
		{DA90FFCB-22B8-4661-8B97-729C2B2F9521}.Debug|x64.ActiveCfg = Debug|x64
		{DA90FFCB-22B8-4661-8B97-729C2B2F9521}.Debug|x64.Build.0 = Debug|x64
		{DA90FFCB-22B8-4661-8B97-729C2B2F9521}.Debug|x86.ActiveCfg = Debug|Win32
		{DA90FFCB-22B8-4661-8B97-729C2B2F9521}.Debug|x86.Build.0 = Debug|Win32
		{DA90FFCB-22B8-4661-8B97-729C2B2F9521}.Release|x64.ActiveCfg = Release|x64
		{DA90FFCB-22B8-4661-8B97-729C2B2F9521}.Release|x64.Build.0 = Release|x64
		{DA90FFCB-22B8-4661-8B97-729C2B2F9521}.Release|x86.ActiveCfg = Release|Win32
		{DA90FFCB-22B8-4661-8B97-729C2B2F9521}.Release|x86.Build.0 = Release|Win32
		{92941040-A6EC-44D0-8ADF-20D87724F834}.Debug|x64.ActiveCfg = Debug|x64
		{92941040-A6EC-44D0-8ADF-20D87724F834}.Debug|x64.Build.0 = Debug|x64
		{92941040-A6EC-44D0-8ADF-20D87724F834}.Debug|x86.ActiveCfg = Debug|Win32
		{92941040-A6EC-44D0-8ADF-20D87724F834}.Debug|x86.Build.0 = Debug|Win32
		{92941040-A6EC-44D0-8ADF-20D87724F834}.Release|x64.ActiveCfg = Release|x64
		{92941040-A6EC-44D0-8ADF-20D87724F834}.Release|x64.Build.0 = Release|x64
		{92941040-A6EC-44D0-8ADF-20D87724F834}.Release|x86.ActiveCfg = Release|Win32
		{92941040-A6EC-44D0-8ADF-20D87724F834}.Release|x86.Build.0 = Release|Win32
		{D9E189DA-26E3-4661-AAEF-A84D8AC7DA3C}.Debug|x64.ActiveCfg = Debug|x64
		{D9E189DA-26E3-4661-AAEF-A84D8AC7DA3C}.Debug|x64.Build.0 = Debug|x64
		{D9E189DA-26E3-4661-AAEF-A84D8AC7DA3C}.Debug|x86.ActiveCfg = Debug|Win32
		{D9E189DA-26E3-4661-AAEF-A84D8AC7DA3C}.Debug|x86.Build.0 = Debug|Win32
		{D9E189DA-26E3-4661-AAEF-A84D8AC7DA3C}.Release|x64.ActiveCfg = Release|x64
		{D9E189DA-26E3-4661-AAEF-A84D8AC7DA3C}.Release|x64.Build.0 = Release|x64
		{D9E189DA-26E3-4661-AAEF-A84D8AC7DA3C}.Release|x86.ActiveCfg = Release|Win32
		{D9E189DA-26E3-4661-AAEF-A84D8AC7DA3C}.Release|x86.Build.0 = Release|Win32
		{41465601-0B89-4ACC-A658-C5B0F63AE886}.Debug|x64.ActiveCfg = Debug|x64
		{41465601-0B89-4ACC-A658-C5B0F63AE886}.Debug|x64.Build.0 = Debug|x64
		{41465601-0B89-4ACC-A658-C5B0F63AE886}.Debug|x86.ActiveCfg = Debug|Win32
		{41465601-0B89-4ACC-A658-C5B0F63AE886}.Debug|x86.Build.0 = Debug|Win32
		{41465601-0B89-4ACC-A658-C5B0F63AE886}.Release|x64.ActiveCfg = Release|x64
		{41465601-0B89-4ACC-A658-C5B0F63AE886}.Release|x64.Build.0 = Release|x64
		{41465601-0B89-4ACC-A658-C5B0F63AE886}.Release|x86.ActiveCfg = Release|Win32
		{41465601-0B89-4ACC-A658-C5B0F63AE886}.Release|x86.Build.0 = Release|Win32
		{7EE00665-F53E-4A74-A02B-AE07A19E085A}.Debug|x64.ActiveCfg = Debug|x64
		{7EE00665-F53E-4A74-A02B-AE07A19E085A}.Debug|x64.Build.0 = Debug|x64
		{7EE00665-F53E-4A74-A02B-AE07A19E085A}.Debug|x86.ActiveCfg = Debug|Win32
		{7EE00665-F53E-4A74-A02B-AE07A19E085A}.Debug|x86.Build.0 = Debug|Win32
		{7EE00665-F53E-4A74-A02B-AE07A19E085A}.Release|x64.ActiveCfg = Release|x64
		{7EE00665-F53E-4A74-A02B-AE07A19E085A}.Release|x64.Build.0 = Release|x64
		{7EE00665-F53E-4A74-A02B-AE07A19E085A}.Release|x86.ActiveCfg = Release|Win32
		{7EE00665-F53E-4A74-A02B-AE07A19E085A}.Release|x86.Build.0 = Release|Win32
	EndGlobalSection
	GlobalSection(SolutionProperties) = preSolution
		HideSolutionNode = FALSE
	EndGlobalSection
	GlobalSection(ExtensibilityGlobals) = postSolution
		SolutionGuid = {EC35C427-F8A0-4D86-87D1-B6DB0BDB24FC}
	EndGlobalSection
EndGlobal
